
Microsoft Visual Studio Solution File, Format Version 12.00
# Visual Studio 2012
Project("{8BC9CEB8-8B4A-11D0-8D11-00A0C91BC942}") = "Bai 1", "Bai 1\Bai 1.vcxproj", "{FD7040A3-5788-4C38-849A-780406275DB4}"
EndProject
Project("{8BC9CEB8-8B4A-11D0-8D11-00A0C91BC942}") = "Bai 2", "Bai 2\Bai 2.vcxproj", "{513BCA4F-FFFD-463B-B538-1F4DDEAE2389}"
EndProject
Project("{8BC9CEB8-8B4A-11D0-8D11-00A0C91BC942}") = "Bai 3", "Bai 3\Bai 3.vcxproj", "{5D50F97A-11CD-49DB-84C9-8A7B0C78C901}"
EndProject
Project("{8BC9CEB8-8B4A-11D0-8D11-00A0C91BC942}") = "Bai 4", "Bai 4\Bai 4.vcxproj", "{85152441-5CD4-42D9-840F-8C5BF542B232}"
EndProject
Project("{8BC9CEB8-8B4A-11D0-8D11-00A0C91BC942}") = "Bai 5", "Bai 5\Bai 5.vcxproj", "{6105B86B-C7F4-483C-88ED-2D61F8BAF128}"
EndProject
Global
	GlobalSection(SolutionConfigurationPlatforms) = preSolution
		Debug|Win32 = Debug|Win32
		Release|Win32 = Release|Win32
	EndGlobalSection
	GlobalSection(ProjectConfigurationPlatforms) = postSolution
		{FD7040A3-5788-4C38-849A-780406275DB4}.Debug|Win32.ActiveCfg = Debug|Win32
		{FD7040A3-5788-4C38-849A-780406275DB4}.Debug|Win32.Build.0 = Debug|Win32
		{FD7040A3-5788-4C38-849A-780406275DB4}.Release|Win32.ActiveCfg = Release|Win32
		{FD7040A3-5788-4C38-849A-780406275DB4}.Release|Win32.Build.0 = Release|Win32
		{513BCA4F-FFFD-463B-B538-1F4DDEAE2389}.Debug|Win32.ActiveCfg = Debug|Win32
		{513BCA4F-FFFD-463B-B538-1F4DDEAE2389}.Debug|Win32.Build.0 = Debug|Win32
		{513BCA4F-FFFD-463B-B538-1F4DDEAE2389}.Release|Win32.ActiveCfg = Release|Win32
		{513BCA4F-FFFD-463B-B538-1F4DDEAE2389}.Release|Win32.Build.0 = Release|Win32
		{5D50F97A-11CD-49DB-84C9-8A7B0C78C901}.Debug|Win32.ActiveCfg = Debug|Win32
		{5D50F97A-11CD-49DB-84C9-8A7B0C78C901}.Debug|Win32.Build.0 = Debug|Win32
		{5D50F97A-11CD-49DB-84C9-8A7B0C78C901}.Release|Win32.ActiveCfg = Release|Win32
		{5D50F97A-11CD-49DB-84C9-8A7B0C78C901}.Release|Win32.Build.0 = Release|Win32
		{85152441-5CD4-42D9-840F-8C5BF542B232}.Debug|Win32.ActiveCfg = Debug|Win32
		{85152441-5CD4-42D9-840F-8C5BF542B232}.Debug|Win32.Build.0 = Debug|Win32
		{85152441-5CD4-42D9-840F-8C5BF542B232}.Release|Win32.ActiveCfg = Release|Win32
		{85152441-5CD4-42D9-840F-8C5BF542B232}.Release|Win32.Build.0 = Release|Win32
		{6105B86B-C7F4-483C-88ED-2D61F8BAF128}.Debug|Win32.ActiveCfg = Debug|Win32
		{6105B86B-C7F4-483C-88ED-2D61F8BAF128}.Debug|Win32.Build.0 = Debug|Win32
		{6105B86B-C7F4-483C-88ED-2D61F8BAF128}.Release|Win32.ActiveCfg = Release|Win32
		{6105B86B-C7F4-483C-88ED-2D61F8BAF128}.Release|Win32.Build.0 = Release|Win32
	EndGlobalSection
	GlobalSection(SolutionProperties) = preSolution
		HideSolutionNode = FALSE
	EndGlobalSection
EndGlobal
